// !$*UTF8*$!
{
	archiveVersion = 1;
	classes = {
	};
	objectVersion = 55;
	objects = {

/* Begin PBXBuildFile section */
		A16B3CED276A8A5A00A1F768 /* WeatherControler.swift in Sources */ = {isa = PBXBuildFile; fileRef = A16B3CEC276A8A5A00A1F768 /* WeatherControler.swift */; };
		A1F600152768E743009C5C11 /* MVVM_iOSApp.swift in Sources */ = {isa = PBXBuildFile; fileRef = A1F600142768E743009C5C11 /* MVVM_iOSApp.swift */; };
		A1F600172768E743009C5C11 /* WeatherView.swift in Sources */ = {isa = PBXBuildFile; fileRef = A1F600162768E743009C5C11 /* WeatherView.swift */; };
		A1F600192768E745009C5C11 /* Assets.xcassets in Resources */ = {isa = PBXBuildFile; fileRef = A1F600182768E745009C5C11 /* Assets.xcassets */; };
		A1F6001C2768E745009C5C11 /* Preview Assets.xcassets in Resources */ = {isa = PBXBuildFile; fileRef = A1F6001B2768E745009C5C11 /* Preview Assets.xcassets */; };
		A1F600262768E745009C5C11 /* MVVM_iOSTests.swift in Sources */ = {isa = PBXBuildFile; fileRef = A1F600252768E745009C5C11 /* MVVM_iOSTests.swift */; };
		A1F600302768E745009C5C11 /* MVVM_iOSUITests.swift in Sources */ = {isa = PBXBuildFile; fileRef = A1F6002F2768E745009C5C11 /* MVVM_iOSUITests.swift */; };
		A1F600322768E745009C5C11 /* MVVM_iOSUITestsLaunchTests.swift in Sources */ = {isa = PBXBuildFile; fileRef = A1F600312768E745009C5C11 /* MVVM_iOSUITestsLaunchTests.swift */; };
		A1F600492768F493009C5C11 /* WeatherViewModel.swift in Sources */ = {isa = PBXBuildFile; fileRef = A1F600482768F493009C5C11 /* WeatherViewModel.swift */; };
		A1F6004A2768F493009C5C11 /* WeatherViewModel.swift in Sources */ = {isa = PBXBuildFile; fileRef = A1F600482768F493009C5C11 /* WeatherViewModel.swift */; };
		A1F6004B2768F493009C5C11 /* WeatherViewModel.swift in Sources */ = {isa = PBXBuildFile; fileRef = A1F600482768F493009C5C11 /* WeatherViewModel.swift */; };
		A1F6004E2768F724009C5C11 /* WeatherResponseDataModel.swift in Sources */ = {isa = PBXBuildFile; fileRef = A1F6004D2768F724009C5C11 /* WeatherResponseDataModel.swift */; };
		A1F6004F2768F724009C5C11 /* WeatherResponseDataModel.swift in Sources */ = {isa = PBXBuildFile; fileRef = A1F6004D2768F724009C5C11 /* WeatherResponseDataModel.swift */; };
		A1F600502768F724009C5C11 /* WeatherResponseDataModel.swift in Sources */ = {isa = PBXBuildFile; fileRef = A1F6004D2768F724009C5C11 /* WeatherResponseDataModel.swift */; };
/* End PBXBuildFile section */

/* Begin PBXContainerItemProxy section */
		A1F600222768E745009C5C11 /* PBXContainerItemProxy */ = {
			isa = PBXContainerItemProxy;
			containerPortal = A1F600092768E743009C5C11 /* Project object */;
			proxyType = 1;
			remoteGlobalIDString = A1F600102768E743009C5C11;
			remoteInfo = MVVM_iOS;
		};
		A1F6002C2768E745009C5C11 /* PBXContainerItemProxy */ = {
			isa = PBXContainerItemProxy;
			containerPortal = A1F600092768E743009C5C11 /* Project object */;
			proxyType = 1;
			remoteGlobalIDString = A1F600102768E743009C5C11;
			remoteInfo = MVVM_iOS;
		};
/* End PBXContainerItemProxy section */

/* Begin PBXFileReference section */
		A16B3CEC276A8A5A00A1F768 /* WeatherControler.swift */ = {isa = PBXFileReference; lastKnownFileType = sourcecode.swift; path = WeatherControler.swift; sourceTree = "<group>"; };
		A1F600112768E743009C5C11 /* MVVM_iOS.app */ = {isa = PBXFileReference; explicitFileType = wrapper.application; includeInIndex = 0; path = MVVM_iOS.app; sourceTree = BUILT_PRODUCTS_DIR; };
		A1F600142768E743009C5C11 /* MVVM_iOSApp.swift */ = {isa = PBXFileReference; lastKnownFileType = sourcecode.swift; path = MVVM_iOSApp.swift; sourceTree = "<group>"; };
		A1F600162768E743009C5C11 /* WeatherView.swift */ = {isa = PBXFileReference; lastKnownFileType = sourcecode.swift; path = WeatherView.swift; sourceTree = "<group>"; };
		A1F600182768E745009C5C11 /* Assets.xcassets */ = {isa = PBXFileReference; lastKnownFileType = folder.assetcatalog; path = Assets.xcassets; sourceTree = "<group>"; };
		A1F6001B2768E745009C5C11 /* Preview Assets.xcassets */ = {isa = PBXFileReference; lastKnownFileType = folder.assetcatalog; path = "Preview Assets.xcassets"; sourceTree = "<group>"; };
		A1F600212768E745009C5C11 /* MVVM_iOSTests.xctest */ = {isa = PBXFileReference; explicitFileType = wrapper.cfbundle; includeInIndex = 0; path = MVVM_iOSTests.xctest; sourceTree = BUILT_PRODUCTS_DIR; };
		A1F600252768E745009C5C11 /* MVVM_iOSTests.swift */ = {isa = PBXFileReference; lastKnownFileType = sourcecode.swift; path = MVVM_iOSTests.swift; sourceTree = "<group>"; };
		A1F6002B2768E745009C5C11 /* MVVM_iOSUITests.xctest */ = {isa = PBXFileReference; explicitFileType = wrapper.cfbundle; includeInIndex = 0; path = MVVM_iOSUITests.xctest; sourceTree = BUILT_PRODUCTS_DIR; };
		A1F6002F2768E745009C5C11 /* MVVM_iOSUITests.swift */ = {isa = PBXFileReference; lastKnownFileType = sourcecode.swift; path = MVVM_iOSUITests.swift; sourceTree = "<group>"; };
		A1F600312768E745009C5C11 /* MVVM_iOSUITestsLaunchTests.swift */ = {isa = PBXFileReference; lastKnownFileType = sourcecode.swift; path = MVVM_iOSUITestsLaunchTests.swift; sourceTree = "<group>"; };
		A1F600482768F493009C5C11 /* WeatherViewModel.swift */ = {isa = PBXFileReference; lastKnownFileType = sourcecode.swift; path = WeatherViewModel.swift; sourceTree = "<group>"; };
		A1F6004C2768F542009C5C11 /* MVVM-iOS-Info.plist */ = {isa = PBXFileReference; lastKnownFileType = text.plist; path = "MVVM-iOS-Info.plist"; sourceTree = SOURCE_ROOT; };
		A1F6004D2768F724009C5C11 /* WeatherResponseDataModel.swift */ = {isa = PBXFileReference; lastKnownFileType = sourcecode.swift; path = WeatherResponseDataModel.swift; sourceTree = "<group>"; };
/* End PBXFileReference section */

/* Begin PBXFrameworksBuildPhase section */
		A1F6000E2768E743009C5C11 /* Frameworks */ = {
			isa = PBXFrameworksBuildPhase;
			buildActionMask = 2147483647;
			files = (
			);
			runOnlyForDeploymentPostprocessing = 0;
		};
		A1F6001E2768E745009C5C11 /* Frameworks */ = {
			isa = PBXFrameworksBuildPhase;
			buildActionMask = 2147483647;
			files = (
			);
			runOnlyForDeploymentPostprocessing = 0;
		};
		A1F600282768E745009C5C11 /* Frameworks */ = {
			isa = PBXFrameworksBuildPhase;
			buildActionMask = 2147483647;
			files = (
			);
			runOnlyForDeploymentPostprocessing = 0;
		};
/* End PBXFrameworksBuildPhase section */

/* Begin PBXGroup section */
		A16B3CE7276A7BC000A1F768 /* View */ = {
			isa = PBXGroup;
			children = (
				A1F600162768E743009C5C11 /* WeatherView.swift */,
				A16B3CEC276A8A5A00A1F768 /* WeatherControler.swift */,
			);
			path = View;
			sourceTree = "<group>";
		};
		A16B3CE8276A7C9D00A1F768 /* Core */ = {
			isa = PBXGroup;
			children = (
				A16B3CE9276A7CB400A1F768 /* Weather */,
			);
			path = Core;
			sourceTree = "<group>";
		};
		A16B3CE9276A7CB400A1F768 /* Weather */ = {
			isa = PBXGroup;
			children = (
				A16B3CEA276A7CCC00A1F768 /* ViewModel */,
				A16B3CE7276A7BC000A1F768 /* View */,
			);
			path = Weather;
			sourceTree = "<group>";
		};
		A16B3CEA276A7CCC00A1F768 /* ViewModel */ = {
			isa = PBXGroup;
			children = (
				A1F600482768F493009C5C11 /* WeatherViewModel.swift */,
			);
			path = ViewModel;
			sourceTree = "<group>";
		};
		A16B3CEB276A7CF100A1F768 /* Data */ = {
			isa = PBXGroup;
			children = (
				A1F6003E2768F2F8009C5C11 /* Models */,
			);
			path = Data;
			sourceTree = "<group>";
		};
		A1F600082768E743009C5C11 = {
			isa = PBXGroup;
			children = (
				A1F600132768E743009C5C11 /* MVVM_iOS */,
				A1F600242768E745009C5C11 /* MVVM_iOSTests */,
				A1F6002E2768E745009C5C11 /* MVVM_iOSUITests */,
				A1F600122768E743009C5C11 /* Products */,
			);
			sourceTree = "<group>";
		};
		A1F600122768E743009C5C11 /* Products */ = {
			isa = PBXGroup;
			children = (
				A1F600112768E743009C5C11 /* MVVM_iOS.app */,
				A1F600212768E745009C5C11 /* MVVM_iOSTests.xctest */,
				A1F6002B2768E745009C5C11 /* MVVM_iOSUITests.xctest */,
			);
			name = Products;
			sourceTree = "<group>";
		};
		A1F600132768E743009C5C11 /* MVVM_iOS */ = {
			isa = PBXGroup;
			children = (
				A16B3CEB276A7CF100A1F768 /* Data */,
				A16B3CE8276A7C9D00A1F768 /* Core */,
				A1F6004C2768F542009C5C11 /* MVVM-iOS-Info.plist */,
				A1F600142768E743009C5C11 /* MVVM_iOSApp.swift */,
				A1F600182768E745009C5C11 /* Assets.xcassets */,
				A1F6001A2768E745009C5C11 /* Preview Content */,
			);
			path = MVVM_iOS;
			sourceTree = "<group>";
		};
		A1F6001A2768E745009C5C11 /* Preview Content */ = {
			isa = PBXGroup;
			children = (
				A1F6001B2768E745009C5C11 /* Preview Assets.xcassets */,
			);
			path = "Preview Content";
			sourceTree = "<group>";
		};
		A1F600242768E745009C5C11 /* MVVM_iOSTests */ = {
			isa = PBXGroup;
			children = (
				A1F600252768E745009C5C11 /* MVVM_iOSTests.swift */,
			);
			path = MVVM_iOSTests;
			sourceTree = "<group>";
		};
		A1F6002E2768E745009C5C11 /* MVVM_iOSUITests */ = {
			isa = PBXGroup;
			children = (
				A1F6002F2768E745009C5C11 /* MVVM_iOSUITests.swift */,
				A1F600312768E745009C5C11 /* MVVM_iOSUITestsLaunchTests.swift */,
			);
			path = MVVM_iOSUITests;
			sourceTree = "<group>";
		};
		A1F6003E2768F2F8009C5C11 /* Models */ = {
			isa = PBXGroup;
			children = (
				A1F6004D2768F724009C5C11 /* WeatherResponseDataModel.swift */,
			);
			path = Models;
			sourceTree = "<group>";
		};
/* End PBXGroup section */

/* Begin PBXNativeTarget section */
		A1F600102768E743009C5C11 /* MVVM_iOS */ = {
			isa = PBXNativeTarget;
			buildConfigurationList = A1F600352768E745009C5C11 /* Build configuration list for PBXNativeTarget "MVVM_iOS" */;
			buildPhases = (
				A1F6000D2768E743009C5C11 /* Sources */,
				A1F6000E2768E743009C5C11 /* Frameworks */,
				A1F6000F2768E743009C5C11 /* Resources */,
			);
			buildRules = (
			);
			dependencies = (
			);
			name = MVVM_iOS;
			productName = MVVM_iOS;
			productReference = A1F600112768E743009C5C11 /* MVVM_iOS.app */;
			productType = "com.apple.product-type.application";
		};
		A1F600202768E745009C5C11 /* MVVM_iOSTests */ = {
			isa = PBXNativeTarget;
			buildConfigurationList = A1F600382768E745009C5C11 /* Build configuration list for PBXNativeTarget "MVVM_iOSTests" */;
			buildPhases = (
				A1F6001D2768E745009C5C11 /* Sources */,
				A1F6001E2768E745009C5C11 /* Frameworks */,
				A1F6001F2768E745009C5C11 /* Resources */,
			);
			buildRules = (
			);
			dependencies = (
				A1F600232768E745009C5C11 /* PBXTargetDependency */,
			);
			name = MVVM_iOSTests;
			productName = MVVM_iOSTests;
			productReference = A1F600212768E745009C5C11 /* MVVM_iOSTests.xctest */;
			productType = "com.apple.product-type.bundle.unit-test";
		};
		A1F6002A2768E745009C5C11 /* MVVM_iOSUITests */ = {
			isa = PBXNativeTarget;
			buildConfigurationList = A1F6003B2768E745009C5C11 /* Build configuration list for PBXNativeTarget "MVVM_iOSUITests" */;
			buildPhases = (
				A1F600272768E745009C5C11 /* Sources */,
				A1F600282768E745009C5C11 /* Frameworks */,
				A1F600292768E745009C5C11 /* Resources */,
			);
			buildRules = (
			);
			dependencies = (
				A1F6002D2768E745009C5C11 /* PBXTargetDependency */,
			);
			name = MVVM_iOSUITests;
			productName = MVVM_iOSUITests;
			productReference = A1F6002B2768E745009C5C11 /* MVVM_iOSUITests.xctest */;
			productType = "com.apple.product-type.bundle.ui-testing";
		};
/* End PBXNativeTarget section */

/* Begin PBXProject section */
		A1F600092768E743009C5C11 /* Project object */ = {
			isa = PBXProject;
			attributes = {
				BuildIndependentTargetsInParallel = 1;
				LastSwiftUpdateCheck = 1310;
				LastUpgradeCheck = 1310;
				TargetAttributes = {
					A1F600102768E743009C5C11 = {
						CreatedOnToolsVersion = 13.1;
					};
					A1F600202768E745009C5C11 = {
						CreatedOnToolsVersion = 13.1;
						TestTargetID = A1F600102768E743009C5C11;
					};
					A1F6002A2768E745009C5C11 = {
						CreatedOnToolsVersion = 13.1;
						TestTargetID = A1F600102768E743009C5C11;
					};
				};
			};
			buildConfigurationList = A1F6000C2768E743009C5C11 /* Build configuration list for PBXProject "MVVM_iOS" */;
			compatibilityVersion = "Xcode 13.0";
			developmentRegion = en;
			hasScannedForEncodings = 0;
			knownRegions = (
				en,
				Base,
			);
			mainGroup = A1F600082768E743009C5C11;
			productRefGroup = A1F600122768E743009C5C11 /* Products */;
			projectDirPath = "";
			projectRoot = "";
			targets = (
				A1F600102768E743009C5C11 /* MVVM_iOS */,
				A1F600202768E745009C5C11 /* MVVM_iOSTests */,
				A1F6002A2768E745009C5C11 /* MVVM_iOSUITests */,
			);
		};
/* End PBXProject section */

/* Begin PBXResourcesBuildPhase section */
		A1F6000F2768E743009C5C11 /* Resources */ = {
			isa = PBXResourcesBuildPhase;
			buildActionMask = 2147483647;
			files = (
				A1F6001C2768E745009C5C11 /* Preview Assets.xcassets in Resources */,
				A1F600192768E745009C5C11 /* Assets.xcassets in Resources */,
			);
			runOnlyForDeploymentPostprocessing = 0;
		};
		A1F6001F2768E745009C5C11 /* Resources */ = {
			isa = PBXResourcesBuildPhase;
			buildActionMask = 2147483647;
			files = (
			);
			runOnlyForDeploymentPostprocessing = 0;
		};
		A1F600292768E745009C5C11 /* Resources */ = {
			isa = PBXResourcesBuildPhase;
			buildActionMask = 2147483647;
			files = (
			);
			runOnlyForDeploymentPostprocessing = 0;
		};
/* End PBXResourcesBuildPhase section */

/* Begin PBXSourcesBuildPhase section */
		A1F6000D2768E743009C5C11 /* Sources */ = {
			isa = PBXSourcesBuildPhase;
			buildActionMask = 2147483647;
			files = (
				A1F600172768E743009C5C11 /* WeatherView.swift in Sources */,
				A1F6004E2768F724009C5C11 /* WeatherResponseDataModel.swift in Sources */,
				A1F600492768F493009C5C11 /* WeatherViewModel.swift in Sources */,
				A16B3CED276A8A5A00A1F768 /* WeatherControler.swift in Sources */,
				A1F600152768E743009C5C11 /* MVVM_iOSApp.swift in Sources */,
			);
			runOnlyForDeploymentPostprocessing = 0;
		};
		A1F6001D2768E745009C5C11 /* Sources */ = {
			isa = PBXSourcesBuildPhase;
			buildActionMask = 2147483647;
			files = (
				A1F6004A2768F493009C5C11 /* WeatherViewModel.swift in Sources */,
				A1F600262768E745009C5C11 /* MVVM_iOSTests.swift in Sources */,
				A1F6004F2768F724009C5C11 /* WeatherResponseDataModel.swift in Sources */,
			);
			runOnlyForDeploymentPostprocessing = 0;
		};
		A1F600272768E745009C5C11 /* Sources */ = {
			isa = PBXSourcesBuildPhase;
			buildActionMask = 2147483647;
			files = (
				A1F600322768E745009C5C11 /* MVVM_iOSUITestsLaunchTests.swift in Sources */,
				A1F600502768F724009C5C11 /* WeatherResponseDataModel.swift in Sources */,
				A1F6004B2768F493009C5C11 /* WeatherViewModel.swift in Sources */,
				A1F600302768E745009C5C11 /* MVVM_iOSUITests.swift in Sources */,
			);
			runOnlyForDeploymentPostprocessing = 0;
		};
/* End PBXSourcesBuildPhase section */

/* Begin PBXTargetDependency section */
		A1F600232768E745009C5C11 /* PBXTargetDependency */ = {
			isa = PBXTargetDependency;
			target = A1F600102768E743009C5C11 /* MVVM_iOS */;
			targetProxy = A1F600222768E745009C5C11 /* PBXContainerItemProxy */;
		};
		A1F6002D2768E745009C5C11 /* PBXTargetDependency */ = {
			isa = PBXTargetDependency;
			target = A1F600102768E743009C5C11 /* MVVM_iOS */;
			targetProxy = A1F6002C2768E745009C5C11 /* PBXContainerItemProxy */;
		};
/* End PBXTargetDependency section */

/* Begin XCBuildConfiguration section */
		A1F600332768E745009C5C11 /* Debug */ = {
			isa = XCBuildConfiguration;
			buildSettings = {
				ALWAYS_SEARCH_USER_PATHS = NO;
				CLANG_ANALYZER_NONNULL = YES;
				CLANG_ANALYZER_NUMBER_OBJECT_CONVERSION = YES_AGGRESSIVE;
				CLANG_CXX_LANGUAGE_STANDARD = "gnu++17";
				CLANG_CXX_LIBRARY = "libc++";
				CLANG_ENABLE_MODULES = YES;
				CLANG_ENABLE_OBJC_ARC = YES;
				CLANG_ENABLE_OBJC_WEAK = YES;
				CLANG_WARN_BLOCK_CAPTURE_AUTORELEASING = YES;
				CLANG_WARN_BOOL_CONVERSION = YES;
				CLANG_WARN_COMMA = YES;
				CLANG_WARN_CONSTANT_CONVERSION = YES;
				CLANG_WARN_DEPRECATED_OBJC_IMPLEMENTATIONS = YES;
				CLANG_WARN_DIRECT_OBJC_ISA_USAGE = YES_ERROR;
				CLANG_WARN_DOCUMENTATION_COMMENTS = YES;
				CLANG_WARN_EMPTY_BODY = YES;
				CLANG_WARN_ENUM_CONVERSION = YES;
				CLANG_WARN_INFINITE_RECURSION = YES;
				CLANG_WARN_INT_CONVERSION = YES;
				CLANG_WARN_NON_LITERAL_NULL_CONVERSION = YES;
				CLANG_WARN_OBJC_IMPLICIT_RETAIN_SELF = YES;
				CLANG_WARN_OBJC_LITERAL_CONVERSION = YES;
				CLANG_WARN_OBJC_ROOT_CLASS = YES_ERROR;
				CLANG_WARN_QUOTED_INCLUDE_IN_FRAMEWORK_HEADER = YES;
				CLANG_WARN_RANGE_LOOP_ANALYSIS = YES;
				CLANG_WARN_STRICT_PROTOTYPES = YES;
				CLANG_WARN_SUSPICIOUS_MOVE = YES;
				CLANG_WARN_UNGUARDED_AVAILABILITY = YES_AGGRESSIVE;
				CLANG_WARN_UNREACHABLE_CODE = YES;
				CLANG_WARN__DUPLICATE_METHOD_MATCH = YES;
				COPY_PHASE_STRIP = NO;
				DEBUG_INFORMATION_FORMAT = dwarf;
				ENABLE_STRICT_OBJC_MSGSEND = YES;
				ENABLE_TESTABILITY = YES;
				GCC_C_LANGUAGE_STANDARD = gnu11;
				GCC_DYNAMIC_NO_PIC = NO;
				GCC_NO_COMMON_BLOCKS = YES;
				GCC_OPTIMIZATION_LEVEL = 0;
				GCC_PREPROCESSOR_DEFINITIONS = (
					"DEBUG=1",
					"$(inherited)",
				);
				GCC_WARN_64_TO_32_BIT_CONVERSION = YES;
				GCC_WARN_ABOUT_RETURN_TYPE = YES_ERROR;
				GCC_WARN_UNDECLARED_SELECTOR = YES;
				GCC_WARN_UNINITIALIZED_AUTOS = YES_AGGRESSIVE;
				GCC_WARN_UNUSED_FUNCTION = YES;
				GCC_WARN_UNUSED_VARIABLE = YES;
				IPHONEOS_DEPLOYMENT_TARGET = 15.0;
				MTL_ENABLE_DEBUG_INFO = INCLUDE_SOURCE;
				MTL_FAST_MATH = YES;
				ONLY_ACTIVE_ARCH = YES;
				SDKROOT = iphoneos;
				SWIFT_ACTIVE_COMPILATION_CONDITIONS = DEBUG;
				SWIFT_OPTIMIZATION_LEVEL = "-Onone";
			};
			name = Debug;
		};
		A1F600342768E745009C5C11 /* Release */ = {
			isa = XCBuildConfiguration;
			buildSettings = {
				ALWAYS_SEARCH_USER_PATHS = NO;
				CLANG_ANALYZER_NONNULL = YES;
				CLANG_ANALYZER_NUMBER_OBJECT_CONVERSION = YES_AGGRESSIVE;
				CLANG_CXX_LANGUAGE_STANDARD = "gnu++17";
				CLANG_CXX_LIBRARY = "libc++";
				CLANG_ENABLE_MODULES = YES;
				CLANG_ENABLE_OBJC_ARC = YES;
				CLANG_ENABLE_OBJC_WEAK = YES;
				CLANG_WARN_BLOCK_CAPTURE_AUTORELEASING = YES;
				CLANG_WARN_BOOL_CONVERSION = YES;
				CLANG_WARN_COMMA = YES;
				CLANG_WARN_CONSTANT_CONVERSION = YES;
				CLANG_WARN_DEPRECATED_OBJC_IMPLEMENTATIONS = YES;
				CLANG_WARN_DIRECT_OBJC_ISA_USAGE = YES_ERROR;
				CLANG_WARN_DOCUMENTATION_COMMENTS = YES;
				CLANG_WARN_EMPTY_BODY = YES;
				CLANG_WARN_ENUM_CONVERSION = YES;
				CLANG_WARN_INFINITE_RECURSION = YES;
				CLANG_WARN_INT_CONVERSION = YES;
				CLANG_WARN_NON_LITERAL_NULL_CONVERSION = YES;
				CLANG_WARN_OBJC_IMPLICIT_RETAIN_SELF = YES;
				CLANG_WARN_OBJC_LITERAL_CONVERSION = YES;
				CLANG_WARN_OBJC_ROOT_CLASS = YES_ERROR;
				CLANG_WARN_QUOTED_INCLUDE_IN_FRAMEWORK_HEADER = YES;
				CLANG_WARN_RANGE_LOOP_ANALYSIS = YES;
				CLANG_WARN_STRICT_PROTOTYPES = YES;
				CLANG_WARN_SUSPICIOUS_MOVE = YES;
				CLANG_WARN_UNGUARDED_AVAILABILITY = YES_AGGRESSIVE;
				CLANG_WARN_UNREACHABLE_CODE = YES;
				CLANG_WARN__DUPLICATE_METHOD_MATCH = YES;
				COPY_PHASE_STRIP = NO;
				DEBUG_INFORMATION_FORMAT = "dwarf-with-dsym";
				ENABLE_NS_ASSERTIONS = NO;
				ENABLE_STRICT_OBJC_MSGSEND = YES;
				GCC_C_LANGUAGE_STANDARD = gnu11;
				GCC_NO_COMMON_BLOCKS = YES;
				GCC_WARN_64_TO_32_BIT_CONVERSION = YES;
				GCC_WARN_ABOUT_RETURN_TYPE = YES_ERROR;
				GCC_WARN_UNDECLARED_SELECTOR = YES;
				GCC_WARN_UNINITIALIZED_AUTOS = YES_AGGRESSIVE;
				GCC_WARN_UNUSED_FUNCTION = YES;
				GCC_WARN_UNUSED_VARIABLE = YES;
				IPHONEOS_DEPLOYMENT_TARGET = 15.0;
				MTL_ENABLE_DEBUG_INFO = NO;
				MTL_FAST_MATH = YES;
				SDKROOT = iphoneos;
				SWIFT_COMPILATION_MODE = wholemodule;
				SWIFT_OPTIMIZATION_LEVEL = "-O";
				VALIDATE_PRODUCT = YES;
			};
			name = Release;
		};
		A1F600362768E745009C5C11 /* Debug */ = {
			isa = XCBuildConfiguration;
			buildSettings = {
				ASSETCATALOG_COMPILER_APPICON_NAME = AppIcon;
				ASSETCATALOG_COMPILER_GLOBAL_ACCENT_COLOR_NAME = AccentColor;
				CODE_SIGN_STYLE = Automatic;
				CURRENT_PROJECT_VERSION = 1;
				DEVELOPMENT_ASSET_PATHS = "\"MVVM_iOS/Preview Content\"";
				ENABLE_PREVIEWS = YES;
				GENERATE_INFOPLIST_FILE = YES;
				INFOPLIST_FILE = "MVVM-iOS-Info.plist";
				INFOPLIST_KEY_LSApplicationCategoryType = "";
				INFOPLIST_KEY_UIApplicationSceneManifest_Generation = YES;
				INFOPLIST_KEY_UIApplicationSupportsIndirectInputEvents = YES;
				INFOPLIST_KEY_UILaunchScreen_Generation = YES;
				INFOPLIST_KEY_UISupportedInterfaceOrientations_iPad = "UIInterfaceOrientationPortrait UIInterfaceOrientationPortraitUpsideDown UIInterfaceOrientationLandscapeLeft UIInterfaceOrientationLandscapeRight";
				INFOPLIST_KEY_UISupportedInterfaceOrientations_iPhone = "UIInterfaceOrientationPortrait UIInterfaceOrientationLandscapeLeft UIInterfaceOrientationLandscapeRight";
				LD_RUNPATH_SEARCH_PATHS = (
					"$(inherited)",
					"@executable_path/Frameworks",
				);
				MARKETING_VERSION = 1.0;
				PRODUCT_BUNDLE_IDENTIFIER = "toni.MVVM-iOS";
				PRODUCT_NAME = "$(TARGET_NAME)";
				SWIFT_EMIT_LOC_STRINGS = YES;
				SWIFT_VERSION = 5.0;
				TARGETED_DEVICE_FAMILY = "1,2";
			};
			name = Debug;
		};
		A1F600372768E745009C5C11 /* Release */ = {
			isa = XCBuildConfiguration;
			buildSettings = {
				ASSETCATALOG_COMPILER_APPICON_NAME = AppIcon;
				ASSETCATALOG_COMPILER_GLOBAL_ACCENT_COLOR_NAME = AccentColor;
				CODE_SIGN_STYLE = Automatic;
				CURRENT_PROJECT_VERSION = 1;
				DEVELOPMENT_ASSET_PATHS = "\"MVVM_iOS/Preview Content\"";
				ENABLE_PREVIEWS = YES;
				GENERATE_INFOPLIST_FILE = YES;
				INFOPLIST_FILE = "MVVM-iOS-Info.plist";
				INFOPLIST_KEY_LSApplicationCategoryType = "";
				INFOPLIST_KEY_UIApplicationSceneManifest_Generation = YES;
				INFOPLIST_KEY_UIApplicationSupportsIndirectInputEvents = YES;
				INFOPLIST_KEY_UILaunchScreen_Generation = YES;
				INFOPLIST_KEY_UISupportedInterfaceOrientations_iPad = "UIInterfaceOrientationPortrait UIInterfaceOrientationPortraitUpsideDown UIInterfaceOrientationLandscapeLeft UIInterfaceOrientationLandscapeRight";
				INFOPLIST_KEY_UISupportedInterfaceOrientations_iPhone = "UIInterfaceOrientationPortrait UIInterfaceOrientationLandscapeLeft UIInterfaceOrientationLandscapeRight";
				LD_RUNPATH_SEARCH_PATHS = (
					"$(inherited)",
					"@executable_path/Frameworks",
				);
				MARKETING_VERSION = 1.0;
				PRODUCT_BUNDLE_IDENTIFIER = "toni.MVVM-iOS";
				PRODUCT_NAME = "$(TARGET_NAME)";
				SWIFT_EMIT_LOC_STRINGS = YES;
				SWIFT_VERSION = 5.0;
				TARGETED_DEVICE_FAMILY = "1,2";
			};
			name = Release;
		};
		A1F600392768E745009C5C11 /* Debug */ = {
			isa = XCBuildConfiguration;
			buildSettings = {
				ALWAYS_EMBED_SWIFT_STANDARD_LIBRARIES = YES;
				BUNDLE_LOADER = "$(TEST_HOST)";
				CODE_SIGN_STYLE = Automatic;
				CURRENT_PROJECT_VERSION = 1;
				GENERATE_INFOPLIST_FILE = YES;
				IPHONEOS_DEPLOYMENT_TARGET = 15.0;
				LD_RUNPATH_SEARCH_PATHS = (
					"$(inherited)",
					"@executable_path/Frameworks",
					"@loader_path/Frameworks",
				);
				MARKETING_VERSION = 1.0;
				PRODUCT_BUNDLE_IDENTIFIER = "toni.MVVM-iOSTests";
				PRODUCT_NAME = "$(TARGET_NAME)";
				SWIFT_EMIT_LOC_STRINGS = NO;
				SWIFT_VERSION = 5.0;
				TARGETED_DEVICE_FAMILY = "1,2";
				TEST_HOST = "$(BUILT_PRODUCTS_DIR)/MVVM_iOS.app/MVVM_iOS";
			};
			name = Debug;
		};
		A1F6003A2768E745009C5C11 /* Release */ = {
			isa = XCBuildConfiguration;
			buildSettings = {
				ALWAYS_EMBED_SWIFT_STANDARD_LIBRARIES = YES;
				BUNDLE_LOADER = "$(TEST_HOST)";
				CODE_SIGN_STYLE = Automatic;
				CURRENT_PROJECT_VERSION = 1;
				GENERATE_INFOPLIST_FILE = YES;
				IPHONEOS_DEPLOYMENT_TARGET = 15.0;
				LD_RUNPATH_SEARCH_PATHS = (
					"$(inherited)",
					"@executable_path/Frameworks",
					"@loader_path/Frameworks",
				);
				MARKETING_VERSION = 1.0;
				PRODUCT_BUNDLE_IDENTIFIER = "toni.MVVM-iOSTests";
				PRODUCT_NAME = "$(TARGET_NAME)";
				SWIFT_EMIT_LOC_STRINGS = NO;
				SWIFT_VERSION = 5.0;
				TARGETED_DEVICE_FAMILY = "1,2";
				TEST_HOST = "$(BUILT_PRODUCTS_DIR)/MVVM_iOS.app/MVVM_iOS";
			};
			name = Release;
		};
		A1F6003C2768E745009C5C11 /* Debug */ = {
			isa = XCBuildConfiguration;
			buildSettings = {
				ALWAYS_EMBED_SWIFT_STANDARD_LIBRARIES = YES;
				CODE_SIGN_STYLE = Automatic;
				CURRENT_PROJECT_VERSION = 1;
				GENERATE_INFOPLIST_FILE = YES;
				LD_RUNPATH_SEARCH_PATHS = (
					"$(inherited)",
					"@executable_path/Frameworks",
					"@loader_path/Frameworks",
				);
				MARKETING_VERSION = 1.0;
				PRODUCT_BUNDLE_IDENTIFIER = "toni.MVVM-iOSUITests";
				PRODUCT_NAME = "$(TARGET_NAME)";
				SWIFT_EMIT_LOC_STRINGS = NO;
				SWIFT_VERSION = 5.0;
				TARGETED_DEVICE_FAMILY = "1,2";
				TEST_TARGET_NAME = MVVM_iOS;
			};
			name = Debug;
		};
		A1F6003D2768E745009C5C11 /* Release */ = {
			isa = XCBuildConfiguration;
			buildSettings = {
				ALWAYS_EMBED_SWIFT_STANDARD_LIBRARIES = YES;
				CODE_SIGN_STYLE = Automatic;
				CURRENT_PROJECT_VERSION = 1;
				GENERATE_INFOPLIST_FILE = YES;
				LD_RUNPATH_SEARCH_PATHS = (
					"$(inherited)",
					"@executable_path/Frameworks",
					"@loader_path/Frameworks",
				);
				MARKETING_VERSION = 1.0;
				PRODUCT_BUNDLE_IDENTIFIER = "toni.MVVM-iOSUITests";
				PRODUCT_NAME = "$(TARGET_NAME)";
				SWIFT_EMIT_LOC_STRINGS = NO;
				SWIFT_VERSION = 5.0;
				TARGETED_DEVICE_FAMILY = "1,2";
				TEST_TARGET_NAME = MVVM_iOS;
			};
			name = Release;
		};
/* End XCBuildConfiguration section */

/* Begin XCConfigurationList section */
		A1F6000C2768E743009C5C11 /* Build configuration list for PBXProject "MVVM_iOS" */ = {
			isa = XCConfigurationList;
			buildConfigurations = (
				A1F600332768E745009C5C11 /* Debug */,
				A1F600342768E745009C5C11 /* Release */,
			);
			defaultConfigurationIsVisible = 0;
			defaultConfigurationName = Release;
		};
		A1F600352768E745009C5C11 /* Build configuration list for PBXNativeTarget "MVVM_iOS" */ = {
			isa = XCConfigurationList;
			buildConfigurations = (
				A1F600362768E745009C5C11 /* Debug */,
				A1F600372768E745009C5C11 /* Release */,
			);
			defaultConfigurationIsVisible = 0;
			defaultConfigurationName = Release;
		};
		A1F600382768E745009C5C11 /* Build configuration list for PBXNativeTarget "MVVM_iOSTests" */ = {
			isa = XCConfigurationList;
			buildConfigurations = (
				A1F600392768E745009C5C11 /* Debug */,
				A1F6003A2768E745009C5C11 /* Release */,
			);
			defaultConfigurationIsVisible = 0;
			defaultConfigurationName = Release;
		};
		A1F6003B2768E745009C5C11 /* Build configuration list for PBXNativeTarget "MVVM_iOSUITests" */ = {
			isa = XCConfigurationList;
			buildConfigurations = (
				A1F6003C2768E745009C5C11 /* Debug */,
				A1F6003D2768E745009C5C11 /* Release */,
			);
			defaultConfigurationIsVisible = 0;
			defaultConfigurationName = Release;
		};
/* End XCConfigurationList section */
	};
	rootObject = A1F600092768E743009C5C11 /* Project object */;
}
